Microsoft Visual Studio Solution File, Format Version 12.00
# Visual Studio Version 17
VisualStudioVersion = 17.5.2.0
MinimumVisualStudioVersion = 10.0.40219.1
Project("{FAE04EC0-301F-11D3-BF4B-00C04F79EFBC}") = "unsia-e-government", "unsia-e-government.csproj", "{D3B10CFE-14E7-8796-D0D3-6402E4782499}"
EndProject
Global
	GlobalSection(SolutionConfigurationPlatforms) = preSolution
		Debug|Any CPU = Debug|Any CPU
		Release|Any CPU = Release|Any CPU
	EndGlobalSection
	GlobalSection(ProjectConfigurationPlatforms) = postSolution
		{D3B10CFE-14E7-8796-D0D3-6402E4782499}.Debug|Any CPU.ActiveCfg = Debug|Any CPU
		{D3B10CFE-14E7-8796-D0D3-6402E4782499}.Debug|Any CPU.Build.0 = Debug|Any CPU
		{D3B10CFE-14E7-8796-D0D3-6402E4782499}.Release|Any CPU.ActiveCfg = Release|Any CPU
		{D3B10CFE-14E7-8796-D0D3-6402E4782499}.Release|Any CPU.Build.0 = Release|Any CPU
	EndGlobalSection
	GlobalSection(SolutionProperties) = preSolution
		HideSolutionNode = FALSE
	EndGlobalSection
	GlobalSection(ExtensibilityGlobals) = postSolution
		SolutionGuid = {4F2CB73F-1192-4833-966F-01F6470AAD34}
	EndGlobalSection
EndGlobal
